<?xml version="1.0" encoding="utf-8"?>
<Project ToolsVersion="4.0" xmlns="http://schemas.microsoft.com/developer/msbuild/2003">
  <ItemGroup>
    <Filter Include="Source Files">
      <UniqueIdentifier>{4FC737F1-C7A5-4376-A066-2A32D752A2FF}</UniqueIdentifier>
      <Extensions>cpp;c;cc;cxx;c++;cppm;ixx;def;odl;idl;hpj;bat;asm;asmx</Extensions>
    </Filter>
    <Filter Include="Header Files">
      <UniqueIdentifier>{93995380-89BD-4b04-88EB-625FBE52EBFB}</UniqueIdentifier>
      <Extensions>h;hh;hpp;hxx;h++;hm;inl;inc;ipp;xsd</Extensions>
    </Filter>
    <Filter Include="Resource Files">
      <UniqueIdentifier>{67DA6AB6-F800-4c08-8B7A-83BB121AAD01}</UniqueIdentifier>
      <Extensions>rc;ico;cur;bmp;dlg;rc2;rct;bin;rgs;gif;jpg;jpeg;jpe;resx;tiff;tif;png;wav;mfcribbon-ms</Extensions>
    </Filter>
  </ItemGroup>
  <ItemGroup>
    <ClInclude Include="..\msdfgen.h">
      <Filter>Header Files</Filter>
    </ClInclude>
    <ClInclude Include="..\core\arithmetics.hpp">
      <Filter>Header Files</Filter>
    </ClInclude>
    <ClInclude Include="..\core\base.h">
      <Filter>Header Files</Filter>
    </ClInclude>
    <ClInclude Include="..\core\Bitmap.h">
      <Filter>Header Files</Filter>
    </ClInclude>
    <ClInclude Include="..\core\Bitmap.hpp">
      <Filter>Header Files</Filter>
    </ClInclude>
    <ClInclude Include="..\core\bitmap-interpolation.hpp">
      <Filter>Header Files</Filter>
    </ClInclude>
    <ClInclude Include="..\core\BitmapRef.hpp">
      <Filter>Header Files</Filter>
    </ClInclude>
    <ClInclude Include="..\core\Contour.h">
      <Filter>Header Files</Filter>
    </ClInclude>
    <ClInclude Include="..\core\contour-combiners.h">
      <Filter>Header Files</Filter>
    </ClInclude>
    <ClInclude Include="..\core\EdgeColor.h">
      <Filter>Header Files</Filter>
    </ClInclude>
    <ClInclude Include="..\core\edge-coloring.h">
      <Filter>Header Files</Filter>
    </ClInclude>
    <ClInclude Include="..\core\EdgeHolder.h">
      <Filter>Header Files</Filter>
    </ClInclude>
    <ClInclude Include="..\core\edge-segments.h">
      <Filter>Header Files</Filter>
    </ClInclude>
    <ClInclude Include="..\core\edge-selectors.h">
      <Filter>Header Files</Filter>
    </ClInclude>
    <ClInclude Include="..\core\equation-solver.h">
      <Filter>Header Files</Filter>
    </ClInclude>
    <ClInclude Include="..\core\generator-config.h">
      <Filter>Header Files</Filter>
    </ClInclude>
    <ClInclude Include="..\core\MSDFErrorCorrection.h">
      <Filter>Header Files</Filter>
    </ClInclude>
    <ClInclude Include="..\core\msdf-error-correction.h">
      <Filter>Header Files</Filter>
    </ClInclude>
    <ClInclude Include="..\core\pixel-conversion.hpp">
      <Filter>Header Files</Filter>
    </ClInclude>
    <ClInclude Include="..\core\Projection.h">
      <Filter>Header Files</Filter>
    </ClInclude>
    <ClInclude Include="..\core\rasterization.h">
      <Filter>Header Files</Filter>
    </ClInclude>
    <ClInclude Include="..\core\render-sdf.h">
      <Filter>Header Files</Filter>
    </ClInclude>
    <ClInclude Include="..\core\save-bmp.h">
      <Filter>Header Files</Filter>
    </ClInclude>
    <ClInclude Include="..\core\save-tiff.h">
      <Filter>Header Files</Filter>
    </ClInclude>
    <ClInclude Include="..\core\Scanline.h">
      <Filter>Header Files</Filter>
    </ClInclude>
    <ClInclude Include="..\core\sdf-error-estimation.h">
      <Filter>Header Files</Filter>
    </ClInclude>
    <ClInclude Include="..\core\Shape.h">
      <Filter>Header Files</Filter>
    </ClInclude>
    <ClInclude Include="..\core\shape-description.h">
      <Filter>Header Files</Filter>
    </ClInclude>
    <ClInclude Include="..\core\ShapeDistanceFinder.h">
      <Filter>Header Files</Filter>
    </ClInclude>
    <ClInclude Include="..\core\ShapeDistanceFinder.hpp">
      <Filter>Header Files</Filter>
    </ClInclude>
    <ClInclude Include="..\core\SignedDistance.hpp">
      <Filter>Header Files</Filter>
    </ClInclude>
    <ClInclude Include="..\core\Vector2.hpp">
      <Filter>Header Files</Filter>
    </ClInclude>
  </ItemGroup>
  <ItemGroup>
    <ClCompile Include="..\core\Contour.cpp">
      <Filter>Source Files</Filter>
    </ClCompile>
    <ClCompile Include="..\core\contour-combiners.cpp">
      <Filter>Source Files</Filter>
    </ClCompile>
    <ClCompile Include="..\core\edge-coloring.cpp">
      <Filter>Source Files</Filter>
    </ClCompile>
    <ClCompile Include="..\core\EdgeHolder.cpp">
      <Filter>Source Files</Filter>
    </ClCompile>
    <ClCompile Include="..\core\edge-segments.cpp">
      <Filter>Source Files</Filter>
    </ClCompile>
    <ClCompile Include="..\core\edge-selectors.cpp">
      <Filter>Source Files</Filter>
    </ClCompile>
    <ClCompile Include="..\core\equation-solver.cpp">
      <Filter>Source Files</Filter>
    </ClCompile>
    <ClCompile Include="..\core\MSDFErrorCorrection.cpp">
      <Filter>Source Files</Filter>
    </ClCompile>
    <ClCompile Include="..\core\msdf-error-correction.cpp">
      <Filter>Source Files</Filter>
    </ClCompile>
    <ClCompile Include="..\core\msdfgen.cpp">
      <Filter>Source Files</Filter>
    </ClCompile>
    <ClCompile Include="..\core\Projection.cpp">
      <Filter>Source Files</Filter>
    </ClCompile>
    <ClCompile Include="..\core\rasterization.cpp">
      <Filter>Source Files</Filter>
    </ClCompile>
    <ClCompile Include="..\core\render-sdf.cpp">
      <Filter>Source Files</Filter>
    </ClCompile>
    <ClCompile Include="..\core\save-bmp.cpp">
      <Filter>Source Files</Filter>
    </ClCompile>
    <ClCompile Include="..\core\save-tiff.cpp">
      <Filter>Source Files</Filter>
    </ClCompile>
    <ClCompile Include="..\core\Scanline.cpp">
      <Filter>Source Files</Filter>
    </ClCompile>
    <ClCompile Include="..\core\sdf-error-estimation.cpp">
      <Filter>Source Files</Filter>
    </ClCompile>
    <ClCompile Include="..\core\Shape.cpp">
      <Filter>Source Files</Filter>
    </ClCompile>
    <ClCompile Include="..\core\shape-description.cpp">
      <Filter>Source Files</Filter>
    </ClCompile>
  </ItemGroup>
</Project>